{
  "name": "bird-quote-v2",
  "version": "0.1.0",
  "lockfileVersion": 2,
  "requires": true,
  "packages": {
    "": {
      "name": "bird-quote-v2",
      "version": "0.1.0",
      "dependencies": {
        "@neondatabase/serverless": "latest",
        "@vitejs/plugin-react": "latest",
        "lucide-react": "latest",
        "react": "latest",
        "react-dom": "latest",
        "typescript": "latest",
        "vite": "latest",
        "xlsx": "^0.18.5"
      },
      "devDependencies": {
        "@types/react": "^19.2.7",
        "@types/react-dom": "^19.2.3"
      }
    }
  },
  "dependencies": {
    "xlsx": {
      "version": "0.18.5",
      "resolved": "https://registry.npmjs.org/xlsx/-/xlsx-0.18.5.tgz",
      "integrity": "sha512-r22gChDnGvBylk90eQuFq4apb0nFOCcs4hKHmr0B5npKaoQjCYMRNhdTAybrb8xJc5F4buBF2wc0n0K6DnE4Tw=="
    }
  }
}
